// !$*UTF8*$!
{
	archiveVersion = 1;
	classes = {
	};
	objectVersion = 50;
	objects = {

/* Begin PBXBuildFile section */
		0404E65522EBFB6800A35DC1 /* AppDelegate.swift in Sources */ = {isa = PBXBuildFile; fileRef = 0404E65422EBFB6800A35DC1 /* AppDelegate.swift */; };
		0404E65C22EBFB6B00A35DC1 /* Assets.xcassets in Resources */ = {isa = PBXBuildFile; fileRef = 0404E65B22EBFB6B00A35DC1 /* Assets.xcassets */; };
		0404E65F22EBFB6B00A35DC1 /* LaunchScreen.storyboard in Resources */ = {isa = PBXBuildFile; fileRef = 0404E65D22EBFB6B00A35DC1 /* LaunchScreen.storyboard */; };
		0404E66922EBFF8900A35DC1 /* ServiceManager.swift in Sources */ = {isa = PBXBuildFile; fileRef = 0404E66822EBFF8900A35DC1 /* ServiceManager.swift */; };
		0404E66C22EC0A4C00A35DC1 /* FlickerPhotoModel.swift in Sources */ = {isa = PBXBuildFile; fileRef = 0404E66B22EC0A4C00A35DC1 /* FlickerPhotoModel.swift */; };
		0404E66E22ECC7B700A35DC1 /* FlickerSearch.storyboard in Resources */ = {isa = PBXBuildFile; fileRef = 0404E66D22ECC7B700A35DC1 /* FlickerSearch.storyboard */; };
		0404E67022ECC89800A35DC1 /* FlickerSearchView.swift in Sources */ = {isa = PBXBuildFile; fileRef = 0404E66F22ECC89800A35DC1 /* FlickerSearchView.swift */; };
		0404E67322ECCCC400A35DC1 /* FlickerCell.swift in Sources */ = {isa = PBXBuildFile; fileRef = 0404E67222ECCCC400A35DC1 /* FlickerCell.swift */; };
		0404E67722ECCFFE00A35DC1 /* FlickerSearchViewModel.swift in Sources */ = {isa = PBXBuildFile; fileRef = 0404E67622ECCFFE00A35DC1 /* FlickerSearchViewModel.swift */; };
		0404E67922ECE8F600A35DC1 /* Extentions.swift in Sources */ = {isa = PBXBuildFile; fileRef = 0404E67822ECE8F600A35DC1 /* Extentions.swift */; };
/* End PBXBuildFile section */

/* Begin PBXFileReference section */
		0404E65122EBFB6800A35DC1 /* FlickerApp.app */ = {isa = PBXFileReference; explicitFileType = wrapper.application; includeInIndex = 0; path = FlickerApp.app; sourceTree = BUILT_PRODUCTS_DIR; };
		0404E65422EBFB6800A35DC1 /* AppDelegate.swift */ = {isa = PBXFileReference; lastKnownFileType = sourcecode.swift; path = AppDelegate.swift; sourceTree = "<group>"; };
		0404E65B22EBFB6B00A35DC1 /* Assets.xcassets */ = {isa = PBXFileReference; lastKnownFileType = folder.assetcatalog; path = Assets.xcassets; sourceTree = "<group>"; };
		0404E65E22EBFB6B00A35DC1 /* Base */ = {isa = PBXFileReference; lastKnownFileType = file.storyboard; name = Base; path = Base.lproj/LaunchScreen.storyboard; sourceTree = "<group>"; };
		0404E66022EBFB6B00A35DC1 /* Info.plist */ = {isa = PBXFileReference; lastKnownFileType = text.plist.xml; path = Info.plist; sourceTree = "<group>"; };
		0404E66822EBFF8900A35DC1 /* ServiceManager.swift */ = {isa = PBXFileReference; lastKnownFileType = sourcecode.swift; path = ServiceManager.swift; sourceTree = "<group>"; };
		0404E66B22EC0A4C00A35DC1 /* FlickerPhotoModel.swift */ = {isa = PBXFileReference; lastKnownFileType = sourcecode.swift; path = FlickerPhotoModel.swift; sourceTree = "<group>"; };
		0404E66D22ECC7B700A35DC1 /* FlickerSearch.storyboard */ = {isa = PBXFileReference; lastKnownFileType = file.storyboard; path = FlickerSearch.storyboard; sourceTree = "<group>"; };
		0404E66F22ECC89800A35DC1 /* FlickerSearchView.swift */ = {isa = PBXFileReference; lastKnownFileType = sourcecode.swift; path = FlickerSearchView.swift; sourceTree = "<group>"; };
		0404E67222ECCCC400A35DC1 /* FlickerCell.swift */ = {isa = PBXFileReference; lastKnownFileType = sourcecode.swift; path = FlickerCell.swift; sourceTree = "<group>"; };
		0404E67622ECCFFE00A35DC1 /* FlickerSearchViewModel.swift */ = {isa = PBXFileReference; lastKnownFileType = sourcecode.swift; path = FlickerSearchViewModel.swift; sourceTree = "<group>"; };
		0404E67822ECE8F600A35DC1 /* Extentions.swift */ = {isa = PBXFileReference; lastKnownFileType = sourcecode.swift; path = Extentions.swift; sourceTree = "<group>"; };
/* End PBXFileReference section */

/* Begin PBXFrameworksBuildPhase section */
		0404E64E22EBFB6800A35DC1 /* Frameworks */ = {
			isa = PBXFrameworksBuildPhase;
			buildActionMask = 2147483647;
			files = (
			);
			runOnlyForDeploymentPostprocessing = 0;
		};
/* End PBXFrameworksBuildPhase section */

/* Begin PBXGroup section */
		0404E64822EBFB6800A35DC1 = {
			isa = PBXGroup;
			children = (
				0404E65322EBFB6800A35DC1 /* FlickerApp */,
				0404E65222EBFB6800A35DC1 /* Products */,
			);
			sourceTree = "<group>";
		};
		0404E65222EBFB6800A35DC1 /* Products */ = {
			isa = PBXGroup;
			children = (
				0404E65122EBFB6800A35DC1 /* FlickerApp.app */,
			);
			name = Products;
			sourceTree = "<group>";
		};
		0404E65322EBFB6800A35DC1 /* FlickerApp */ = {
			isa = PBXGroup;
			children = (
				0404E66A22EC093F00A35DC1 /* MVVM */,
				0404E66622EBFEE600A35DC1 /* Common */,
				0404E65422EBFB6800A35DC1 /* AppDelegate.swift */,
				0404E65B22EBFB6B00A35DC1 /* Assets.xcassets */,
				0404E65D22EBFB6B00A35DC1 /* LaunchScreen.storyboard */,
				0404E66022EBFB6B00A35DC1 /* Info.plist */,
			);
			path = FlickerApp;
			sourceTree = "<group>";
		};
		0404E66622EBFEE600A35DC1 /* Common */ = {
			isa = PBXGroup;
			children = (
				0404E66722EBFEFA00A35DC1 /* ServiceManager */,
				0404E67822ECE8F600A35DC1 /* Extentions.swift */,
			);
			path = Common;
			sourceTree = "<group>";
		};
		0404E66722EBFEFA00A35DC1 /* ServiceManager */ = {
			isa = PBXGroup;
			children = (
				0404E66822EBFF8900A35DC1 /* ServiceManager.swift */,
			);
			path = ServiceManager;
			sourceTree = "<group>";
		};
		0404E66A22EC093F00A35DC1 /* MVVM */ = {
			isa = PBXGroup;
			children = (
				0404E67422ECCFBA00A35DC1 /* Model */,
				0404E67122ECCC8200A35DC1 /* View */,
				0404E67522ECCFC800A35DC1 /* ViewModel */,
			);
			path = MVVM;
			sourceTree = "<group>";
		};
		0404E67122ECCC8200A35DC1 /* View */ = {
			isa = PBXGroup;
			children = (
				0404E66D22ECC7B700A35DC1 /* FlickerSearch.storyboard */,
				0404E66F22ECC89800A35DC1 /* FlickerSearchView.swift */,
				0404E67222ECCCC400A35DC1 /* FlickerCell.swift */,
			);
			path = View;
			sourceTree = "<group>";
		};
		0404E67422ECCFBA00A35DC1 /* Model */ = {
			isa = PBXGroup;
			children = (
				0404E66B22EC0A4C00A35DC1 /* FlickerPhotoModel.swift */,
			);
			path = Model;
			sourceTree = "<group>";
		};
		0404E67522ECCFC800A35DC1 /* ViewModel */ = {
			isa = PBXGroup;
			children = (
				0404E67622ECCFFE00A35DC1 /* FlickerSearchViewModel.swift */,
			);
			path = ViewModel;
			sourceTree = "<group>";
		};
/* End PBXGroup section */

/* Begin PBXNativeTarget section */
		0404E65022EBFB6800A35DC1 /* FlickerApp */ = {
			isa = PBXNativeTarget;
			buildConfigurationList = 0404E66322EBFB6B00A35DC1 /* Build configuration list for PBXNativeTarget "FlickerApp" */;
			buildPhases = (
				0404E64D22EBFB6800A35DC1 /* Sources */,
				0404E64E22EBFB6800A35DC1 /* Frameworks */,
				0404E64F22EBFB6800A35DC1 /* Resources */,
			);
			buildRules = (
			);
			dependencies = (
			);
			name = FlickerApp;
			productName = FlickerApp;
			productReference = 0404E65122EBFB6800A35DC1 /* FlickerApp.app */;
			productType = "com.apple.product-type.application";
		};
/* End PBXNativeTarget section */

/* Begin PBXProject section */
		0404E64922EBFB6800A35DC1 /* Project object */ = {
			isa = PBXProject;
			attributes = {
				LastSwiftUpdateCheck = 1020;
				LastUpgradeCheck = 1020;
				ORGANIZATIONNAME = "Pankaj Raghav";
				TargetAttributes = {
					0404E65022EBFB6800A35DC1 = {
						CreatedOnToolsVersion = 10.2.1;
					};
				};
			};
			buildConfigurationList = 0404E64C22EBFB6800A35DC1 /* Build configuration list for PBXProject "FlickerApp" */;
			compatibilityVersion = "Xcode 9.3";
			developmentRegion = en;
			hasScannedForEncodings = 0;
			knownRegions = (
				en,
				Base,
			);
			mainGroup = 0404E64822EBFB6800A35DC1;
			productRefGroup = 0404E65222EBFB6800A35DC1 /* Products */;
			projectDirPath = "";
			projectRoot = "";
			targets = (
				0404E65022EBFB6800A35DC1 /* FlickerApp */,
			);
		};
/* End PBXProject section */

/* Begin PBXResourcesBuildPhase section */
		0404E64F22EBFB6800A35DC1 /* Resources */ = {
			isa = PBXResourcesBuildPhase;
			buildActionMask = 2147483647;
			files = (
				0404E65F22EBFB6B00A35DC1 /* LaunchScreen.storyboard in Resources */,
				0404E66E22ECC7B700A35DC1 /* FlickerSearch.storyboard in Resources */,
				0404E65C22EBFB6B00A35DC1 /* Assets.xcassets in Resources */,
			);
			runOnlyForDeploymentPostprocessing = 0;
		};
/* End PBXResourcesBuildPhase section */

/* Begin PBXSourcesBuildPhase section */
		0404E64D22EBFB6800A35DC1 /* Sources */ = {
			isa = PBXSourcesBuildPhase;
			buildActionMask = 2147483647;
			files = (
				0404E67722ECCFFE00A35DC1 /* FlickerSearchViewModel.swift in Sources */,
				0404E67322ECCCC400A35DC1 /* FlickerCell.swift in Sources */,
				0404E66C22EC0A4C00A35DC1 /* FlickerPhotoModel.swift in Sources */,
				0404E65522EBFB6800A35DC1 /* AppDelegate.swift in Sources */,
				0404E66922EBFF8900A35DC1 /* ServiceManager.swift in Sources */,
				0404E67022ECC89800A35DC1 /* FlickerSearchView.swift in Sources */,
				0404E67922ECE8F600A35DC1 /* Extentions.swift in Sources */,
			);
			runOnlyForDeploymentPostprocessing = 0;
		};
/* End PBXSourcesBuildPhase section */

/* Begin PBXVariantGroup section */
		0404E65D22EBFB6B00A35DC1 /* LaunchScreen.storyboard */ = {
			isa = PBXVariantGroup;
			children = (
				0404E65E22EBFB6B00A35DC1 /* Base */,
			);
			name = LaunchScreen.storyboard;
			sourceTree = "<group>";
		};
/* End PBXVariantGroup section */

/* Begin XCBuildConfiguration section */
		0404E66122EBFB6B00A35DC1 /* Debug */ = {
			isa = XCBuildConfiguration;
			buildSettings = {
				ALWAYS_SEARCH_USER_PATHS = NO;
				CLANG_ANALYZER_NONNULL = YES;
				CLANG_ANALYZER_NUMBER_OBJECT_CONVERSION = YES_AGGRESSIVE;
				CLANG_CXX_LANGUAGE_STANDARD = "gnu++14";
				CLANG_CXX_LIBRARY = "libc++";
				CLANG_ENABLE_MODULES = YES;
				CLANG_ENABLE_OBJC_ARC = YES;
				CLANG_ENABLE_OBJC_WEAK = YES;
				CLANG_WARN_BLOCK_CAPTURE_AUTORELEASING = YES;
				CLANG_WARN_BOOL_CONVERSION = YES;
				CLANG_WARN_COMMA = YES;
				CLANG_WARN_CONSTANT_CONVERSION = YES;
				CLANG_WARN_DEPRECATED_OBJC_IMPLEMENTATIONS = YES;
				CLANG_WARN_DIRECT_OBJC_ISA_USAGE = YES_ERROR;
				CLANG_WARN_DOCUMENTATION_COMMENTS = YES;
				CLANG_WARN_EMPTY_BODY = YES;
				CLANG_WARN_ENUM_CONVERSION = YES;
				CLANG_WARN_INFINITE_RECURSION = YES;
				CLANG_WARN_INT_CONVERSION = YES;
				CLANG_WARN_NON_LITERAL_NULL_CONVERSION = YES;
				CLANG_WARN_OBJC_IMPLICIT_RETAIN_SELF = YES;
				CLANG_WARN_OBJC_LITERAL_CONVERSION = YES;
				CLANG_WARN_OBJC_ROOT_CLASS = YES_ERROR;
				CLANG_WARN_RANGE_LOOP_ANALYSIS = YES;
				CLANG_WARN_STRICT_PROTOTYPES = YES;
				CLANG_WARN_SUSPICIOUS_MOVE = YES;
				CLANG_WARN_UNGUARDED_AVAILABILITY = YES_AGGRESSIVE;
				CLANG_WARN_UNREACHABLE_CODE = YES;
				CLANG_WARN__DUPLICATE_METHOD_MATCH = YES;
				CODE_SIGN_IDENTITY = "iPhone Developer";
				COPY_PHASE_STRIP = NO;
				DEBUG_INFORMATION_FORMAT = dwarf;
				ENABLE_STRICT_OBJC_MSGSEND = YES;
				ENABLE_TESTABILITY = YES;
				GCC_C_LANGUAGE_STANDARD = gnu11;
				GCC_DYNAMIC_NO_PIC = NO;
				GCC_NO_COMMON_BLOCKS = YES;
				GCC_OPTIMIZATION_LEVEL = 0;
				GCC_PREPROCESSOR_DEFINITIONS = (
					"DEBUG=1",
					"$(inherited)",
				);
				GCC_WARN_64_TO_32_BIT_CONVERSION = YES;
				GCC_WARN_ABOUT_RETURN_TYPE = YES_ERROR;
				GCC_WARN_UNDECLARED_SELECTOR = YES;
				GCC_WARN_UNINITIALIZED_AUTOS = YES_AGGRESSIVE;
				GCC_WARN_UNUSED_FUNCTION = YES;
				GCC_WARN_UNUSED_VARIABLE = YES;
				IPHONEOS_DEPLOYMENT_TARGET = 12.2;
				MTL_ENABLE_DEBUG_INFO = INCLUDE_SOURCE;
				MTL_FAST_MATH = YES;
				ONLY_ACTIVE_ARCH = YES;
				SDKROOT = iphoneos;
				SWIFT_ACTIVE_COMPILATION_CONDITIONS = DEBUG;
				SWIFT_OPTIMIZATION_LEVEL = "-Onone";
			};
			name = Debug;
		};
		0404E66222EBFB6B00A35DC1 /* Release */ = {
			isa = XCBuildConfiguration;
			buildSettings = {
				ALWAYS_SEARCH_USER_PATHS = NO;
				CLANG_ANALYZER_NONNULL = YES;
				CLANG_ANALYZER_NUMBER_OBJECT_CONVERSION = YES_AGGRESSIVE;
				CLANG_CXX_LANGUAGE_STANDARD = "gnu++14";
				CLANG_CXX_LIBRARY = "libc++";
				CLANG_ENABLE_MODULES = YES;
				CLANG_ENABLE_OBJC_ARC = YES;
				CLANG_ENABLE_OBJC_WEAK = YES;
				CLANG_WARN_BLOCK_CAPTURE_AUTORELEASING = YES;
				CLANG_WARN_BOOL_CONVERSION = YES;
				CLANG_WARN_COMMA = YES;
				CLANG_WARN_CONSTANT_CONVERSION = YES;
				CLANG_WARN_DEPRECATED_OBJC_IMPLEMENTATIONS = YES;
				CLANG_WARN_DIRECT_OBJC_ISA_USAGE = YES_ERROR;
				CLANG_WARN_DOCUMENTATION_COMMENTS = YES;
				CLANG_WARN_EMPTY_BODY = YES;
				CLANG_WARN_ENUM_CONVERSION = YES;
				CLANG_WARN_INFINITE_RECURSION = YES;
				CLANG_WARN_INT_CONVERSION = YES;
				CLANG_WARN_NON_LITERAL_NULL_CONVERSION = YES;
				CLANG_WARN_OBJC_IMPLICIT_RETAIN_SELF = YES;
				CLANG_WARN_OBJC_LITERAL_CONVERSION = YES;
				CLANG_WARN_OBJC_ROOT_CLASS = YES_ERROR;
				CLANG_WARN_RANGE_LOOP_ANALYSIS = YES;
				CLANG_WARN_STRICT_PROTOTYPES = YES;
				CLANG_WARN_SUSPICIOUS_MOVE = YES;
				CLANG_WARN_UNGUARDED_AVAILABILITY = YES_AGGRESSIVE;
				CLANG_WARN_UNREACHABLE_CODE = YES;
				CLANG_WARN__DUPLICATE_METHOD_MATCH = YES;
				CODE_SIGN_IDENTITY = "iPhone Developer";
				COPY_PHASE_STRIP = NO;
				DEBUG_INFORMATION_FORMAT = "dwarf-with-dsym";
				ENABLE_NS_ASSERTIONS = NO;
				ENABLE_STRICT_OBJC_MSGSEND = YES;
				GCC_C_LANGUAGE_STANDARD = gnu11;
				GCC_NO_COMMON_BLOCKS = YES;
				GCC_WARN_64_TO_32_BIT_CONVERSION = YES;
				GCC_WARN_ABOUT_RETURN_TYPE = YES_ERROR;
				GCC_WARN_UNDECLARED_SELECTOR = YES;
				GCC_WARN_UNINITIALIZED_AUTOS = YES_AGGRESSIVE;
				GCC_WARN_UNUSED_FUNCTION = YES;
				GCC_WARN_UNUSED_VARIABLE = YES;
				IPHONEOS_DEPLOYMENT_TARGET = 12.2;
				MTL_ENABLE_DEBUG_INFO = NO;
				MTL_FAST_MATH = YES;
				SDKROOT = iphoneos;
				SWIFT_COMPILATION_MODE = wholemodule;
				SWIFT_OPTIMIZATION_LEVEL = "-O";
				VALIDATE_PRODUCT = YES;
			};
			name = Release;
		};
		0404E66422EBFB6B00A35DC1 /* Debug */ = {
			isa = XCBuildConfiguration;
			buildSettings = {
				ASSETCATALOG_COMPILER_APPICON_NAME = AppIcon;
				CODE_SIGN_IDENTITY = "iPhone Developer";
				CODE_SIGN_STYLE = Automatic;
				DEVELOPMENT_TEAM = Z9LJ2SPF7Z;
				INFOPLIST_FILE = FlickerApp/Info.plist;
				IPHONEOS_DEPLOYMENT_TARGET = 10.0;
				LD_RUNPATH_SEARCH_PATHS = (
					"$(inherited)",
					"@executable_path/Frameworks",
				);
				PRODUCT_BUNDLE_IDENTIFIER = com.Wallet.prod;
				PRODUCT_NAME = "$(TARGET_NAME)";
				PROVISIONING_PROFILE_SPECIFIER = "";
				SWIFT_VERSION = 5.0;
				TARGETED_DEVICE_FAMILY = 1;
			};
			name = Debug;
		};
		0404E66522EBFB6B00A35DC1 /* Release */ = {
			isa = XCBuildConfiguration;
			buildSettings = {
				ASSETCATALOG_COMPILER_APPICON_NAME = AppIcon;
				CODE_SIGN_IDENTITY = "iPhone Developer";
				CODE_SIGN_STYLE = Automatic;
				DEVELOPMENT_TEAM = Z9LJ2SPF7Z;
				INFOPLIST_FILE = FlickerApp/Info.plist;
				IPHONEOS_DEPLOYMENT_TARGET = 10.0;
				LD_RUNPATH_SEARCH_PATHS = (
					"$(inherited)",
					"@executable_path/Frameworks",
				);
				PRODUCT_BUNDLE_IDENTIFIER = com.Wallet.prod;
				PRODUCT_NAME = "$(TARGET_NAME)";
				PROVISIONING_PROFILE_SPECIFIER = "";
				SWIFT_VERSION = 5.0;
				TARGETED_DEVICE_FAMILY = 1;
			};
			name = Release;
		};
/* End XCBuildConfiguration section */

/* Begin XCConfigurationList section */
		0404E64C22EBFB6800A35DC1 /* Build configuration list for PBXProject "FlickerApp" */ = {
			isa = XCConfigurationList;
			buildConfigurations = (
				0404E66122EBFB6B00A35DC1 /* Debug */,
				0404E66222EBFB6B00A35DC1 /* Release */,
			);
			defaultConfigurationIsVisible = 0;
			defaultConfigurationName = Release;
		};
		0404E66322EBFB6B00A35DC1 /* Build configuration list for PBXNativeTarget "FlickerApp" */ = {
			isa = XCConfigurationList;
			buildConfigurations = (
				0404E66422EBFB6B00A35DC1 /* Debug */,
				0404E66522EBFB6B00A35DC1 /* Release */,
			);
			defaultConfigurationIsVisible = 0;
			defaultConfigurationName = Release;
		};
/* End XCConfigurationList section */
	};
	rootObject = 0404E64922EBFB6800A35DC1 /* Project object */;
}
